
Microsoft Visual Studio Solution File, Format Version 12.00
# Visual Studio Version 17
VisualStudioVersion = 17.14.37314.3 d17.14
MinimumVisualStudioVersion = 10.0.40219.1
Project("{FAE04EC0-301F-11D3-BF4B-00C04F79EFBC}") = "UCNLLauncher", "UCNLLauncher.csproj", "{B6799D95-52F8-4AF6-8372-386E8C44F745}"
EndProject
Global
	GlobalSection(SolutionConfigurationPlatforms) = preSolution
		Debug|Any CPU = Debug|Any CPU
		Release|Any CPU = Release|Any CPU
	EndGlobalSection
	GlobalSection(ProjectConfigurationPlatforms) = postSolution
		{B6799D95-52F8-4AF6-8372-386E8C44F745}.Debug|Any CPU.ActiveCfg = Debug|Any CPU
		{B6799D95-52F8-4AF6-8372-386E8C44F745}.Debug|Any CPU.Build.0 = Debug|Any CPU
		{B6799D95-52F8-4AF6-8372-386E8C44F745}.Release|Any CPU.ActiveCfg = Release|Any CPU
		{B6799D95-52F8-4AF6-8372-386E8C44F745}.Release|Any CPU.Build.0 = Release|Any CPU
	EndGlobalSection
	GlobalSection(SolutionProperties) = preSolution
		HideSolutionNode = FALSE
	EndGlobalSection
	GlobalSection(ExtensibilityGlobals) = postSolution
		SolutionGuid = {D852788B-DABC-4228-A936-8305F978754C}
	EndGlobalSection
EndGlobal
